{
  "nodes": {
    "assrt-command": {
      "inputs": {
        "flake-utils": "flake-utils",
        "lean": [
          "lean"
        ]
      },
      "locked": {
        "lastModified": 1614281047,
        "narHash": "sha256-GeU1R9B7pD1j3W/YD1kUwWJMskUrCRjhz2lJ5c9ky28=",
        "owner": "pnwamk",
        "repo": "lean4-assert-command",
        "rev": "483483c9afcc1f946f7254bae56a8a212eba66c9",
        "type": "github"
      },
      "original": {
        "owner": "pnwamk",
        "repo": "lean4-assert-command",
        "type": "github"
      }
    },
    "assrt-command_2": {
      "inputs": {
        "flake-utils": "flake-utils_4",
        "lean": [
          "lean"
        ]
      },
      "locked": {
        "lastModified": 1614281047,
        "narHash": "sha256-GeU1R9B7pD1j3W/YD1kUwWJMskUrCRjhz2lJ5c9ky28=",
        "owner": "pnwamk",
        "repo": "lean4-assert-command",
        "rev": "483483c9afcc1f946f7254bae56a8a212eba66c9",
        "type": "github"
      },
      "original": {
        "owner": "pnwamk",
        "repo": "lean4-assert-command",
        "type": "github"
      }
    },
    "flake-utils": {
      "locked": {
        "lastModified": 1614513358,
        "narHash": "sha256-LakhOx3S1dRjnh0b5Dg3mbZyH0ToC9I8Y2wKSkBaTzU=",
        "owner": "numtide",
        "repo": "flake-utils",
        "rev": "5466c5bbece17adaab2d82fae80b46e807611bf3",
        "type": "github"
      },
      "original": {
        "owner": "numtide",
        "repo": "flake-utils",
        "type": "github"
      }
    },
    "flake-utils_2": {
      "locked": {
        "lastModified": 1614513358,
        "narHash": "sha256-LakhOx3S1dRjnh0b5Dg3mbZyH0ToC9I8Y2wKSkBaTzU=",
        "owner": "numtide",
        "repo": "flake-utils",
        "rev": "5466c5bbece17adaab2d82fae80b46e807611bf3",
        "type": "github"
      },
      "original": {
        "owner": "numtide",
        "repo": "flake-utils",
        "type": "github"
      }
    },
    "flake-utils_3": {
      "locked": {
        "lastModified": 1609246779,
        "narHash": "sha256-eq6ZXE/VWo3EMC65jmIT6H/rrUc9UWOWVujkzav025k=",
        "owner": "numtide",
        "repo": "flake-utils",
        "rev": "08c7ad4a0844adc4a7f9f5bb3beae482e789afa4",
        "type": "github"
      },
      "original": {
        "owner": "numtide",
        "repo": "flake-utils",
        "type": "github"
      }
    },
    "flake-utils_4": {
      "locked": {
        "lastModified": 1614513358,
        "narHash": "sha256-LakhOx3S1dRjnh0b5Dg3mbZyH0ToC9I8Y2wKSkBaTzU=",
        "owner": "numtide",
        "repo": "flake-utils",
        "rev": "5466c5bbece17adaab2d82fae80b46e807611bf3",
        "type": "github"
      },
      "original": {
        "owner": "numtide",
        "repo": "flake-utils",
        "type": "github"
      }
    },
    "flake-utils_5": {
      "locked": {
        "lastModified": 1614513358,
        "narHash": "sha256-LakhOx3S1dRjnh0b5Dg3mbZyH0ToC9I8Y2wKSkBaTzU=",
        "owner": "numtide",
        "repo": "flake-utils",
        "rev": "5466c5bbece17adaab2d82fae80b46e807611bf3",
        "type": "github"
      },
      "original": {
        "owner": "numtide",
        "repo": "flake-utils",
        "type": "github"
      }
    },
    "flake-utils_6": {
      "locked": {
        "lastModified": 1614513358,
        "narHash": "sha256-LakhOx3S1dRjnh0b5Dg3mbZyH0ToC9I8Y2wKSkBaTzU=",
        "owner": "numtide",
        "repo": "flake-utils",
        "rev": "5466c5bbece17adaab2d82fae80b46e807611bf3",
        "type": "github"
      },
      "original": {
        "owner": "numtide",
        "repo": "flake-utils",
        "type": "github"
      }
    },
    "lean": {
      "inputs": {
        "flake-utils": "flake-utils_3",
        "lean-stage0": "lean-stage0",
        "mdBook": "mdBook",
        "nix": "nix",
        "nixpkgs": "nixpkgs_2",
        "temci": "temci"
      },
      "locked": {
        "narHash": "sha256-gdlxNl7Yk+JZD4bxjUK4c3dQnb/zg943xJ0/jVrn6z0=",
        "path": "../lean4",
        "type": "path"
      },
      "original": {
        "path": "../lean4",
        "type": "path"
      }
    },
    "lean-stage0": {
      "locked": {
        "lastModified": 0,
        "narHash": "sha256-3K/43lSW4WIHNG+HHVKCD1odS63mHuaQ4ueHyTIkcls=",
        "owner": "leanprover",
        "repo": "lean4",
        "rev": "0000000000000000000000000000000000000000",
        "type": "github"
      },
      "original": {
        "owner": "leanprover",
        "repo": "lean4",
        "type": "github"
      }
    },
    "leanShell": {
      "flake": false,
      "locked": {
        "narHash": "sha256-1l8T7kDLFgW/4VDzh0IDPW2xCtCjwIpAPqadp4XN4Fg=",
        "path": "../lean-nix-helpers/leanShell.nix",
        "type": "path"
      },
      "original": {
        "path": "../lean-nix-helpers/leanShell.nix",
        "type": "path"
      }
    },
    "leanShell_2": {
      "flake": false,
      "locked": {
        "narHash": "sha256-1l8T7kDLFgW/4VDzh0IDPW2xCtCjwIpAPqadp4XN4Fg=",
        "path": "../lean-nix-helpers/leanShell.nix",
        "type": "path"
      },
      "original": {
        "path": "../lean-nix-helpers/leanShell.nix",
        "type": "path"
      }
    },
    "leanproto": {
      "inputs": {
        "assrt-command": "assrt-command_2",
        "flake-utils": "flake-utils_5",
        "lean": [
          "lean"
        ],
        "leanShell": "leanShell_2",
        "leanproto-native": "leanproto-native",
        "nixpkgs": "nixpkgs_5"
      },
      "locked": {
        "narHash": "sha256-7D1236m0Sm2xyNHSfcFozf0WNKx2bpNg3sVbkY3fdDw=",
        "path": "../leanproto",
        "type": "path"
      },
      "original": {
        "path": "../leanproto",
        "type": "path"
      }
    },
    "leanproto-native": {
      "inputs": {
        "flake-utils": "flake-utils_6",
        "lean": [
          "lean"
        ],
        "nix": "nix_2",
        "nixpkgs": "nixpkgs_4"
      },
      "locked": {
        "narHash": "sha256-nvAZzVw12+Cl9Xgja3cjetRngsG16HEu6FopuEQM3n0=",
        "path": "./native",
        "type": "path"
      },
      "original": {
        "path": "./native",
        "type": "path"
      }
    },
    "lowdown-src": {
      "flake": false,
      "locked": {
        "lastModified": 1598695561,
        "narHash": "sha256-gyH/5j+h/nWw0W8AcR2WKvNBUsiQ7QuxqSJNXAwV+8E=",
        "owner": "kristapsdz",
        "repo": "lowdown",
        "rev": "1705b4a26fbf065d9574dce47a94e8c7c79e052f",
        "type": "github"
      },
      "original": {
        "owner": "kristapsdz",
        "repo": "lowdown",
        "type": "github"
      }
    },
    "mdBook": {
      "flake": false,
      "locked": {
        "lastModified": 1609794365,
        "narHash": "sha256-Pgyqio1nHMtIPsf+WpHDdRROTGW0TJhFq84r6CTuQhU=",
        "owner": "leanprover",
        "repo": "mdBook",
        "rev": "b8c62e63014bf51ab78c04fcd272e872157623ff",
        "type": "github"
      },
      "original": {
        "owner": "leanprover",
        "repo": "mdBook",
        "type": "github"
      }
    },
    "nix": {
      "inputs": {
        "lowdown-src": "lowdown-src",
        "nixpkgs": "nixpkgs"
      },
      "locked": {
        "lastModified": 1611597793,
        "narHash": "sha256-xL3NQJnuGvvay+PWFCQ3fShZHwmiy0PmgqHX6yFUX0M=",
        "owner": "NixOS",
        "repo": "nix",
        "rev": "36c4d6f59247826dde32ad2e6b5a9471a9a1c911",
        "type": "github"
      },
      "original": {
        "owner": "NixOS",
        "repo": "nix",
        "type": "github"
      }
    },
    "nix_2": {
      "inputs": {
        "nixpkgs": "nixpkgs_3"
      },
      "locked": {
        "lastModified": 1616589439,
        "narHash": "sha256-ro/zCjefbudughywi/46hzy/3mj0Psjedjm4RTYCUBs=",
        "owner": "NixOS",
        "repo": "nix",
        "rev": "d1cb956bf2e417baa08e55699a57c2bde3adf7d3",
        "type": "github"
      },
      "original": {
        "owner": "NixOS",
        "repo": "nix",
        "type": "github"
      }
    },
    "nix_3": {
      "inputs": {
        "nixpkgs": "nixpkgs_6"
      },
      "locked": {
        "lastModified": 1616589439,
        "narHash": "sha256-ro/zCjefbudughywi/46hzy/3mj0Psjedjm4RTYCUBs=",
        "owner": "NixOS",
        "repo": "nix",
        "rev": "d1cb956bf2e417baa08e55699a57c2bde3adf7d3",
        "type": "github"
      },
      "original": {
        "id": "nix",
        "type": "indirect"
      }
    },
    "nixpkgs": {
      "locked": {
        "lastModified": 1602702596,
        "narHash": "sha256-fqJ4UgOb4ZUnCDIapDb4gCrtAah5Rnr2/At3IzMitig=",
        "owner": "NixOS",
        "repo": "nixpkgs",
        "rev": "ad0d20345219790533ebe06571f82ed6b034db31",
        "type": "github"
      },
      "original": {
        "id": "nixpkgs",
        "ref": "nixos-20.09-small",
        "type": "indirect"
      }
    },
    "nixpkgs_2": {
      "locked": {
        "lastModified": 1609349023,
        "narHash": "sha256-Iw+A25SO8zAltCKcJubl7RzgA/eKCx2oHNBvHwmYTpM=",
        "owner": "NixOS",
        "repo": "nixpkgs",
        "rev": "bea44d5ebe332260aa34a1bd48250b6364527356",
        "type": "github"
      },
      "original": {
        "owner": "NixOS",
        "ref": "nixpkgs-unstable",
        "repo": "nixpkgs",
        "type": "github"
      }
    },
    "nixpkgs_3": {
      "locked": {
        "lastModified": 1614309161,
        "narHash": "sha256-93kRxDPyEW9QIpxU71kCaV1r+hgOgP6/aVgC7vvO8IU=",
        "owner": "NixOS",
        "repo": "nixpkgs",
        "rev": "0e499fde7af3c28d63e9b13636716b86c3162b93",
        "type": "github"
      },
      "original": {
        "id": "nixpkgs",
        "ref": "nixos-20.09-small",
        "type": "indirect"
      }
    },
    "nixpkgs_4": {
      "locked": {
        "lastModified": 1616259034,
        "narHash": "sha256-WlMIiGIXJm7J+jemzd+ksoun6znWmabCZNz76szV158=",
        "owner": "NixOS",
        "repo": "nixpkgs",
        "rev": "4e0d3868c679da20108db402785f924daa1a7fb5",
        "type": "github"
      },
      "original": {
        "owner": "NixOS",
        "ref": "nixpkgs-unstable",
        "repo": "nixpkgs",
        "type": "github"
      }
    },
    "nixpkgs_5": {
      "locked": {
        "lastModified": 1616259034,
        "narHash": "sha256-WlMIiGIXJm7J+jemzd+ksoun6znWmabCZNz76szV158=",
        "owner": "NixOS",
        "repo": "nixpkgs",
        "rev": "4e0d3868c679da20108db402785f924daa1a7fb5",
        "type": "github"
      },
      "original": {
        "owner": "NixOS",
        "ref": "nixpkgs-unstable",
        "repo": "nixpkgs",
        "type": "github"
      }
    },
    "nixpkgs_6": {
      "locked": {
        "lastModified": 1614309161,
        "narHash": "sha256-93kRxDPyEW9QIpxU71kCaV1r+hgOgP6/aVgC7vvO8IU=",
        "owner": "NixOS",
        "repo": "nixpkgs",
        "rev": "0e499fde7af3c28d63e9b13636716b86c3162b93",
        "type": "github"
      },
      "original": {
        "id": "nixpkgs",
        "ref": "nixos-20.09-small",
        "type": "indirect"
      }
    },
    "nixpkgs_7": {
      "locked": {
        "lastModified": 1616259034,
        "narHash": "sha256-WlMIiGIXJm7J+jemzd+ksoun6znWmabCZNz76szV158=",
        "owner": "NixOS",
        "repo": "nixpkgs",
        "rev": "4e0d3868c679da20108db402785f924daa1a7fb5",
        "type": "github"
      },
      "original": {
        "owner": "NixOS",
        "ref": "nixpkgs-unstable",
        "repo": "nixpkgs",
        "type": "github"
      }
    },
    "root": {
      "inputs": {
        "assrt-command": "assrt-command",
        "flake-utils": "flake-utils_2",
        "lean": "lean",
        "leanShell": "leanShell",
        "leanproto": "leanproto",
        "nix": "nix_3",
        "nixpkgs": "nixpkgs_7"
      }
    },
    "temci": {
      "flake": false,
      "locked": {
        "lastModified": 1606820516,
        "narHash": "sha256-Ail3pv3Z+zszIDN6hmGSK+qAhOAzo9opCqHAZP5DSqo=",
        "owner": "parttimenerd",
        "repo": "temci",
        "rev": "2f8bc17cdbcd1589e2c056078716ee02f8f51dd9",
        "type": "github"
      },
      "original": {
        "owner": "parttimenerd",
        "repo": "temci",
        "type": "github"
      }
    }
  },
  "root": "root",
  "version": 7
}
