{
  "nodes": {
    "assrt-command": {
      "inputs": {
        "flake-utils": "flake-utils",
        "lean": [
          "lean"
        ]
      },
      "locked": {
        "lastModified": 1614281047,
        "narHash": "sha256-GeU1R9B7pD1j3W/YD1kUwWJMskUrCRjhz2lJ5c9ky28=",
        "owner": "pnwamk",
        "repo": "lean4-assert-command",
        "rev": "483483c9afcc1f946f7254bae56a8a212eba66c9",
        "type": "github"
      },
      "original": {
        "owner": "pnwamk",
        "repo": "lean4-assert-command",
        "type": "github"
      }
    },
    "assrt-command_2": {
      "inputs": {
        "flake-utils": "flake-utils_4",
        "lean": [
          "lean"
        ]
      },
      "locked": {
        "lastModified": 1614281047,
        "narHash": "sha256-GeU1R9B7pD1j3W/YD1kUwWJMskUrCRjhz2lJ5c9ky28=",
        "owner": "pnwamk",
        "repo": "lean4-assert-command",
        "rev": "483483c9afcc1f946f7254bae56a8a212eba66c9",
        "type": "github"
      },
      "original": {
        "owner": "pnwamk",
        "repo": "lean4-assert-command",
        "type": "github"
      }
    },
    "flake-utils": {
      "locked": {
        "lastModified": 1618217525,
        "narHash": "sha256-WGrhVczjXTiswQaoxQ+0PTfbLNeOQM6M36zvLn78AYg=",
        "owner": "numtide",
        "repo": "flake-utils",
        "rev": "c6169a2772643c4a93a0b5ac1c61e296cba68544",
        "type": "github"
      },
      "original": {
        "owner": "numtide",
        "repo": "flake-utils",
        "type": "github"
      }
    },
    "flake-utils_2": {
      "locked": {
        "lastModified": 1618217525,
        "narHash": "sha256-WGrhVczjXTiswQaoxQ+0PTfbLNeOQM6M36zvLn78AYg=",
        "owner": "numtide",
        "repo": "flake-utils",
        "rev": "c6169a2772643c4a93a0b5ac1c61e296cba68544",
        "type": "github"
      },
      "original": {
        "owner": "numtide",
        "repo": "flake-utils",
        "type": "github"
      }
    },
    "flake-utils_3": {
      "locked": {
        "lastModified": 1609246779,
        "narHash": "sha256-eq6ZXE/VWo3EMC65jmIT6H/rrUc9UWOWVujkzav025k=",
        "owner": "numtide",
        "repo": "flake-utils",
        "rev": "08c7ad4a0844adc4a7f9f5bb3beae482e789afa4",
        "type": "github"
      },
      "original": {
        "owner": "numtide",
        "repo": "flake-utils",
        "type": "github"
      }
    },
    "flake-utils_4": {
      "locked": {
        "lastModified": 1618217525,
        "narHash": "sha256-WGrhVczjXTiswQaoxQ+0PTfbLNeOQM6M36zvLn78AYg=",
        "owner": "numtide",
        "repo": "flake-utils",
        "rev": "c6169a2772643c4a93a0b5ac1c61e296cba68544",
        "type": "github"
      },
      "original": {
        "owner": "numtide",
        "repo": "flake-utils",
        "type": "github"
      }
    },
    "flake-utils_5": {
      "locked": {
        "lastModified": 1618217525,
        "narHash": "sha256-WGrhVczjXTiswQaoxQ+0PTfbLNeOQM6M36zvLn78AYg=",
        "owner": "numtide",
        "repo": "flake-utils",
        "rev": "c6169a2772643c4a93a0b5ac1c61e296cba68544",
        "type": "github"
      },
      "original": {
        "owner": "numtide",
        "repo": "flake-utils",
        "type": "github"
      }
    },
    "lean": {
      "inputs": {
        "flake-utils": "flake-utils_3",
        "lean-stage0": "lean-stage0",
        "mdBook": "mdBook",
        "nix": "nix",
        "nixpkgs": "nixpkgs_2",
        "nixpkgs-vscode": "nixpkgs-vscode",
        "temci": "temci"
      },
      "locked": {
        "lastModified": 1618425427,
        "narHash": "sha256-yaNzar777UX33x41QzAiICRUYtHhr+PdSuDtwENkstI=",
        "owner": "leanprover",
        "repo": "lean4",
        "rev": "32fd82efc2eaf1232299e930ec16624b370eac39",
        "type": "github"
      },
      "original": {
        "owner": "leanprover",
        "repo": "lean4",
        "type": "github"
      }
    },
    "lean-stage0": {
      "locked": {
        "lastModified": 0,
        "narHash": "sha256-3K/43lSW4WIHNG+HHVKCD1odS63mHuaQ4ueHyTIkcls=",
        "owner": "leanprover",
        "repo": "lean4",
        "rev": "0000000000000000000000000000000000000000",
        "type": "github"
      },
      "original": {
        "owner": "leanprover",
        "repo": "lean4",
        "type": "github"
      }
    },
    "leanproto": {
      "inputs": {
        "assrt-command": "assrt-command_2",
        "flake-utils": "flake-utils_5",
        "lean": [
          "lean"
        ],
        "nixpkgs": "nixpkgs_3"
      },
      "locked": {
        "lastModified": 1618444323,
        "narHash": "sha256-VHYMth0LPFlOtB5zKnfwBgebMhVebKvF6vuMhAIhJHA=",
        "owner": "zygi",
        "repo": "lean-proto",
        "rev": "4d64844d8978c68c8038886013d33048c23a7674",
        "type": "github"
      },
      "original": {
        "owner": "zygi",
        "repo": "lean-proto",
        "type": "github"
      }
    },
    "lowdown-src": {
      "flake": false,
      "locked": {
        "lastModified": 1598695561,
        "narHash": "sha256-gyH/5j+h/nWw0W8AcR2WKvNBUsiQ7QuxqSJNXAwV+8E=",
        "owner": "kristapsdz",
        "repo": "lowdown",
        "rev": "1705b4a26fbf065d9574dce47a94e8c7c79e052f",
        "type": "github"
      },
      "original": {
        "owner": "kristapsdz",
        "repo": "lowdown",
        "type": "github"
      }
    },
    "mdBook": {
      "flake": false,
      "locked": {
        "lastModified": 1609794365,
        "narHash": "sha256-Pgyqio1nHMtIPsf+WpHDdRROTGW0TJhFq84r6CTuQhU=",
        "owner": "leanprover",
        "repo": "mdBook",
        "rev": "b8c62e63014bf51ab78c04fcd272e872157623ff",
        "type": "github"
      },
      "original": {
        "owner": "leanprover",
        "repo": "mdBook",
        "type": "github"
      }
    },
    "nix": {
      "inputs": {
        "lowdown-src": "lowdown-src",
        "nixpkgs": "nixpkgs"
      },
      "locked": {
        "lastModified": 1611597793,
        "narHash": "sha256-xL3NQJnuGvvay+PWFCQ3fShZHwmiy0PmgqHX6yFUX0M=",
        "owner": "NixOS",
        "repo": "nix",
        "rev": "36c4d6f59247826dde32ad2e6b5a9471a9a1c911",
        "type": "github"
      },
      "original": {
        "owner": "NixOS",
        "repo": "nix",
        "type": "github"
      }
    },
    "nixpkgs": {
      "locked": {
        "lastModified": 1602702596,
        "narHash": "sha256-fqJ4UgOb4ZUnCDIapDb4gCrtAah5Rnr2/At3IzMitig=",
        "owner": "NixOS",
        "repo": "nixpkgs",
        "rev": "ad0d20345219790533ebe06571f82ed6b034db31",
        "type": "github"
      },
      "original": {
        "id": "nixpkgs",
        "ref": "nixos-20.09-small",
        "type": "indirect"
      }
    },
    "nixpkgs-vscode": {
      "locked": {
        "lastModified": 1617984351,
        "narHash": "sha256-mo/tmR1sVmQ+4uziIAZpdNnr9AG0NAAo9Md3tucf73k=",
        "owner": "NixOS",
        "repo": "nixpkgs",
        "rev": "842f900e73c7ce985218cc4f455e34d1d56475c1",
        "type": "github"
      },
      "original": {
        "owner": "NixOS",
        "ref": "nixpkgs-unstable",
        "repo": "nixpkgs",
        "type": "github"
      }
    },
    "nixpkgs_2": {
      "locked": {
        "lastModified": 1609349023,
        "narHash": "sha256-Iw+A25SO8zAltCKcJubl7RzgA/eKCx2oHNBvHwmYTpM=",
        "owner": "NixOS",
        "repo": "nixpkgs",
        "rev": "bea44d5ebe332260aa34a1bd48250b6364527356",
        "type": "github"
      },
      "original": {
        "owner": "NixOS",
        "ref": "nixpkgs-unstable",
        "repo": "nixpkgs",
        "type": "github"
      }
    },
    "nixpkgs_3": {
      "locked": {
        "lastModified": 1618306168,
        "narHash": "sha256-/IOtgzdEaiEqRVn6OhpekuYhRHfCm299Bqts5QqQVko=",
        "owner": "NixOS",
        "repo": "nixpkgs",
        "rev": "4c87cb87a2db6b9eb43541c1cf83f2a2f725fa25",
        "type": "github"
      },
      "original": {
        "owner": "NixOS",
        "ref": "nixpkgs-unstable",
        "repo": "nixpkgs",
        "type": "github"
      }
    },
    "nixpkgs_4": {
      "locked": {
        "lastModified": 1618306168,
        "narHash": "sha256-/IOtgzdEaiEqRVn6OhpekuYhRHfCm299Bqts5QqQVko=",
        "owner": "NixOS",
        "repo": "nixpkgs",
        "rev": "4c87cb87a2db6b9eb43541c1cf83f2a2f725fa25",
        "type": "github"
      },
      "original": {
        "owner": "NixOS",
        "ref": "nixpkgs-unstable",
        "repo": "nixpkgs",
        "type": "github"
      }
    },
    "root": {
      "inputs": {
        "assrt-command": "assrt-command",
        "flake-utils": "flake-utils_2",
        "lean": "lean",
        "leanproto": "leanproto",
        "nixpkgs": "nixpkgs_4"
      }
    },
    "temci": {
      "flake": false,
      "locked": {
        "lastModified": 1606820516,
        "narHash": "sha256-Ail3pv3Z+zszIDN6hmGSK+qAhOAzo9opCqHAZP5DSqo=",
        "owner": "parttimenerd",
        "repo": "temci",
        "rev": "2f8bc17cdbcd1589e2c056078716ee02f8f51dd9",
        "type": "github"
      },
      "original": {
        "owner": "parttimenerd",
        "repo": "temci",
        "type": "github"
      }
    }
  },
  "root": "root",
  "version": 7
}
